
Microsoft Visual Studio Solution File, Format Version 12.00
# Visual Studio Version 17
VisualStudioVersion = 17.0.31919.166
MinimumVisualStudioVersion = 10.0.40219.1
Project("{FAE04EC0-301F-11D3-BF4B-00C04F79EFBC}") = "Prueba_Punto_Ticket", "Prueba_Punto_Ticket\Prueba_Punto_Ticket.csproj", "{817547A6-1190-48B6-B9E7-65F3E34955E6}"
EndProject
Global
	GlobalSection(SolutionConfigurationPlatforms) = preSolution
		Debug|Any CPU = Debug|Any CPU
		Release|Any CPU = Release|Any CPU
	EndGlobalSection
	GlobalSection(ProjectConfigurationPlatforms) = postSolution
		{817547A6-1190-48B6-B9E7-65F3E34955E6}.Debug|Any CPU.ActiveCfg = Debug|Any CPU
		{817547A6-1190-48B6-B9E7-65F3E34955E6}.Debug|Any CPU.Build.0 = Debug|Any CPU
		{817547A6-1190-48B6-B9E7-65F3E34955E6}.Release|Any CPU.ActiveCfg = Release|Any CPU
		{817547A6-1190-48B6-B9E7-65F3E34955E6}.Release|Any CPU.Build.0 = Release|Any CPU
	EndGlobalSection
	GlobalSection(SolutionProperties) = preSolution
		HideSolutionNode = FALSE
	EndGlobalSection
	GlobalSection(ExtensibilityGlobals) = postSolution
		SolutionGuid = {F3AF8309-7BC5-4430-AA02-0DAA30B4A5BA}
	EndGlobalSection
EndGlobal
